
Microsoft Visual Studio Solution File, Format Version 12.00
# Visual Studio Version 17
VisualStudioVersion = 17.14.37216.2 d17.14
MinimumVisualStudioVersion = 10.0.40219.1
Project("{FAE04EC0-301F-11D3-BF4B-00C04F79EFBC}") = "HealthChecks", "HealthChecks\HealthChecks.csproj", "{7A81A60E-D622-4C5F-B6F4-22083F84A58F}"
EndProject
Global
	GlobalSection(SolutionConfigurationPlatforms) = preSolution
		Debug|Any CPU = Debug|Any CPU
		Release|Any CPU = Release|Any CPU
	EndGlobalSection
	GlobalSection(ProjectConfigurationPlatforms) = postSolution
		{7A81A60E-D622-4C5F-B6F4-22083F84A58F}.Debug|Any CPU.ActiveCfg = Debug|Any CPU
		{7A81A60E-D622-4C5F-B6F4-22083F84A58F}.Debug|Any CPU.Build.0 = Debug|Any CPU
		{7A81A60E-D622-4C5F-B6F4-22083F84A58F}.Release|Any CPU.ActiveCfg = Release|Any CPU
		{7A81A60E-D622-4C5F-B6F4-22083F84A58F}.Release|Any CPU.Build.0 = Release|Any CPU
	EndGlobalSection
	GlobalSection(SolutionProperties) = preSolution
		HideSolutionNode = FALSE
	EndGlobalSection
	GlobalSection(ExtensibilityGlobals) = postSolution
		SolutionGuid = {54B43148-3D16-4D08-A46E-B83BDF6D573A}
	EndGlobalSection
EndGlobal
